github.com/adityatelange/hugo-PaperMod v0.0.0-20220115133454-37f359ee2149/go.mod h1:HCHxNMKYdGafUYjVV3ICiAqznZK2yH0iI53jqcDFDdQ=
github.com/adityatelange/hugo-PaperMod v0.0.0-20220205131037-06f97458a77e h1:P2EzzHk9505C1sOkQZ2YHjLZvYiAbH46IIytO4otado=
github.com/adityatelange/hugo-PaperMod v0.0.0-20220205131037-06f97458a77e/go.mod h1:HCHxNMKYdGafUYjVV3ICiAqznZK2yH0iI53jqcDFDdQ=
github.com/adityatelange/hugo-PaperMod v0.0.0-20231210070605-e0fc64c43e8f h1:f+YeYKNnRlma+NrgGtinVOd4ER4DHi4QcIOjoodEuIw=
github.com/adityatelange/hugo-PaperMod v0.0.0-20231210070605-e0fc64c43e8f/go.mod h1:HCHxNMKYdGafUYjVV3ICiAqznZK2yH0iI53jqcDFDdQ=
